// !$*UTF8*$!
{
	archiveVersion = 1;
	classes = {
	};
	objectVersion = 56;
	objects = {

/* Begin PBXBuildFile section */
		9606C3B92A90F67100D0ACD2 /* AppDelegate.swift in Sources */ = {isa = PBXBuildFile; fileRef = 9606C3B82A90F67100D0ACD2 /* AppDelegate.swift */; };
		9606C3BB2A90F67100D0ACD2 /* SceneDelegate.swift in Sources */ = {isa = PBXBuildFile; fileRef = 9606C3BA2A90F67100D0ACD2 /* SceneDelegate.swift */; };
		9606C3BD2A90F67100D0ACD2 /* ViewController.swift in Sources */ = {isa = PBXBuildFile; fileRef = 9606C3BC2A90F67100D0ACD2 /* ViewController.swift */; };
		9606C3C02A90F67100D0ACD2 /* Main.storyboard in Resources */ = {isa = PBXBuildFile; fileRef = 9606C3BE2A90F67100D0ACD2 /* Main.storyboard */; };
		9606C3C22A90F67200D0ACD2 /* Assets.xcassets in Resources */ = {isa = PBXBuildFile; fileRef = 9606C3C12A90F67200D0ACD2 /* Assets.xcassets */; };
		9606C3C52A90F67200D0ACD2 /* LaunchScreen.storyboard in Resources */ = {isa = PBXBuildFile; fileRef = 9606C3C32A90F67200D0ACD2 /* LaunchScreen.storyboard */; };
		9606C3D02A90F67200D0ACD2 /* CICDExampleTests.swift in Sources */ = {isa = PBXBuildFile; fileRef = 9606C3CF2A90F67200D0ACD2 /* CICDExampleTests.swift */; };
		9606C3DA2A90F67200D0ACD2 /* CICDExampleUITests.swift in Sources */ = {isa = PBXBuildFile; fileRef = 9606C3D92A90F67200D0ACD2 /* CICDExampleUITests.swift */; };
		9606C3DC2A90F67200D0ACD2 /* CICDExampleUITestsLaunchTests.swift in Sources */ = {isa = PBXBuildFile; fileRef = 9606C3DB2A90F67200D0ACD2 /* CICDExampleUITestsLaunchTests.swift */; };
/* End PBXBuildFile section */

/* Begin PBXContainerItemProxy section */
		9606C3CC2A90F67200D0ACD2 /* PBXContainerItemProxy */ = {
			isa = PBXContainerItemProxy;
			containerPortal = 9606C3AD2A90F67100D0ACD2 /* Project object */;
			proxyType = 1;
			remoteGlobalIDString = 9606C3B42A90F67100D0ACD2;
			remoteInfo = CICDExample;
		};
		9606C3D62A90F67200D0ACD2 /* PBXContainerItemProxy */ = {
			isa = PBXContainerItemProxy;
			containerPortal = 9606C3AD2A90F67100D0ACD2 /* Project object */;
			proxyType = 1;
			remoteGlobalIDString = 9606C3B42A90F67100D0ACD2;
			remoteInfo = CICDExample;
		};
/* End PBXContainerItemProxy section */

/* Begin PBXFileReference section */
		9606C3B52A90F67100D0ACD2 /* CICDExample.app */ = {isa = PBXFileReference; explicitFileType = wrapper.application; includeInIndex = 0; path = CICDExample.app; sourceTree = BUILT_PRODUCTS_DIR; };
		9606C3B82A90F67100D0ACD2 /* AppDelegate.swift */ = {isa = PBXFileReference; lastKnownFileType = sourcecode.swift; path = AppDelegate.swift; sourceTree = "<group>"; };
		9606C3BA2A90F67100D0ACD2 /* SceneDelegate.swift */ = {isa = PBXFileReference; lastKnownFileType = sourcecode.swift; path = SceneDelegate.swift; sourceTree = "<group>"; };
		9606C3BC2A90F67100D0ACD2 /* ViewController.swift */ = {isa = PBXFileReference; lastKnownFileType = sourcecode.swift; path = ViewController.swift; sourceTree = "<group>"; };
		9606C3BF2A90F67100D0ACD2 /* Base */ = {isa = PBXFileReference; lastKnownFileType = file.storyboard; name = Base; path = Base.lproj/Main.storyboard; sourceTree = "<group>"; };
		9606C3C12A90F67200D0ACD2 /* Assets.xcassets */ = {isa = PBXFileReference; lastKnownFileType = folder.assetcatalog; path = Assets.xcassets; sourceTree = "<group>"; };
		9606C3C42A90F67200D0ACD2 /* Base */ = {isa = PBXFileReference; lastKnownFileType = file.storyboard; name = Base; path = Base.lproj/LaunchScreen.storyboard; sourceTree = "<group>"; };
		9606C3C62A90F67200D0ACD2 /* Info.plist */ = {isa = PBXFileReference; lastKnownFileType = text.plist.xml; path = Info.plist; sourceTree = "<group>"; };
		9606C3CB2A90F67200D0ACD2 /* CICDExampleTests.xctest */ = {isa = PBXFileReference; explicitFileType = wrapper.cfbundle; includeInIndex = 0; path = CICDExampleTests.xctest; sourceTree = BUILT_PRODUCTS_DIR; };
		9606C3CF2A90F67200D0ACD2 /* CICDExampleTests.swift */ = {isa = PBXFileReference; lastKnownFileType = sourcecode.swift; path = CICDExampleTests.swift; sourceTree = "<group>"; };
		9606C3D52A90F67200D0ACD2 /* CICDExampleUITests.xctest */ = {isa = PBXFileReference; explicitFileType = wrapper.cfbundle; includeInIndex = 0; path = CICDExampleUITests.xctest; sourceTree = BUILT_PRODUCTS_DIR; };
		9606C3D92A90F67200D0ACD2 /* CICDExampleUITests.swift */ = {isa = PBXFileReference; lastKnownFileType = sourcecode.swift; path = CICDExampleUITests.swift; sourceTree = "<group>"; };
		9606C3DB2A90F67200D0ACD2 /* CICDExampleUITestsLaunchTests.swift */ = {isa = PBXFileReference; lastKnownFileType = sourcecode.swift; path = CICDExampleUITestsLaunchTests.swift; sourceTree = "<group>"; };
/* End PBXFileReference section */

/* Begin PBXFrameworksBuildPhase section */
		9606C3B22A90F67100D0ACD2 /* Frameworks */ = {
			isa = PBXFrameworksBuildPhase;
			buildActionMask = 2147483647;
			files = (
			);
			runOnlyForDeploymentPostprocessing = 0;
		};
		9606C3C82A90F67200D0ACD2 /* Frameworks */ = {
			isa = PBXFrameworksBuildPhase;
			buildActionMask = 2147483647;
			files = (
			);
			runOnlyForDeploymentPostprocessing = 0;
		};
		9606C3D22A90F67200D0ACD2 /* Frameworks */ = {
			isa = PBXFrameworksBuildPhase;
			buildActionMask = 2147483647;
			files = (
			);
			runOnlyForDeploymentPostprocessing = 0;
		};
/* End PBXFrameworksBuildPhase section */

/* Begin PBXGroup section */
		9606C3AC2A90F67100D0ACD2 = {
			isa = PBXGroup;
			children = (
				9606C3B72A90F67100D0ACD2 /* CICDExample */,
				9606C3CE2A90F67200D0ACD2 /* CICDExampleTests */,
				9606C3D82A90F67200D0ACD2 /* CICDExampleUITests */,
				9606C3B62A90F67100D0ACD2 /* Products */,
			);
			sourceTree = "<group>";
		};
		9606C3B62A90F67100D0ACD2 /* Products */ = {
			isa = PBXGroup;
			children = (
				9606C3B52A90F67100D0ACD2 /* CICDExample.app */,
				9606C3CB2A90F67200D0ACD2 /* CICDExampleTests.xctest */,
				9606C3D52A90F67200D0ACD2 /* CICDExampleUITests.xctest */,
			);
			name = Products;
			sourceTree = "<group>";
		};
		9606C3B72A90F67100D0ACD2 /* CICDExample */ = {
			isa = PBXGroup;
			children = (
				9606C3B82A90F67100D0ACD2 /* AppDelegate.swift */,
				9606C3BA2A90F67100D0ACD2 /* SceneDelegate.swift */,
				9606C3BC2A90F67100D0ACD2 /* ViewController.swift */,
				9606C3BE2A90F67100D0ACD2 /* Main.storyboard */,
				9606C3C12A90F67200D0ACD2 /* Assets.xcassets */,
				9606C3C32A90F67200D0ACD2 /* LaunchScreen.storyboard */,
				9606C3C62A90F67200D0ACD2 /* Info.plist */,
			);
			path = CICDExample;
			sourceTree = "<group>";
		};
		9606C3CE2A90F67200D0ACD2 /* CICDExampleTests */ = {
			isa = PBXGroup;
			children = (
				9606C3CF2A90F67200D0ACD2 /* CICDExampleTests.swift */,
			);
			path = CICDExampleTests;
			sourceTree = "<group>";
		};
		9606C3D82A90F67200D0ACD2 /* CICDExampleUITests */ = {
			isa = PBXGroup;
			children = (
				9606C3D92A90F67200D0ACD2 /* CICDExampleUITests.swift */,
				9606C3DB2A90F67200D0ACD2 /* CICDExampleUITestsLaunchTests.swift */,
			);
			path = CICDExampleUITests;
			sourceTree = "<group>";
		};
/* End PBXGroup section */

/* Begin PBXNativeTarget section */
		9606C3B42A90F67100D0ACD2 /* CICDExample */ = {
			isa = PBXNativeTarget;
			buildConfigurationList = 9606C3DF2A90F67200D0ACD2 /* Build configuration list for PBXNativeTarget "CICDExample" */;
			buildPhases = (
				9606C3B12A90F67100D0ACD2 /* Sources */,
				9606C3B22A90F67100D0ACD2 /* Frameworks */,
				9606C3B32A90F67100D0ACD2 /* Resources */,
			);
			buildRules = (
			);
			dependencies = (
			);
			name = CICDExample;
			productName = CICDExample;
			productReference = 9606C3B52A90F67100D0ACD2 /* CICDExample.app */;
			productType = "com.apple.product-type.application";
		};
		9606C3CA2A90F67200D0ACD2 /* CICDExampleTests */ = {
			isa = PBXNativeTarget;
			buildConfigurationList = 9606C3E22A90F67200D0ACD2 /* Build configuration list for PBXNativeTarget "CICDExampleTests" */;
			buildPhases = (
				9606C3C72A90F67200D0ACD2 /* Sources */,
				9606C3C82A90F67200D0ACD2 /* Frameworks */,
				9606C3C92A90F67200D0ACD2 /* Resources */,
			);
			buildRules = (
			);
			dependencies = (
				9606C3CD2A90F67200D0ACD2 /* PBXTargetDependency */,
			);
			name = CICDExampleTests;
			productName = CICDExampleTests;
			productReference = 9606C3CB2A90F67200D0ACD2 /* CICDExampleTests.xctest */;
			productType = "com.apple.product-type.bundle.unit-test";
		};
		9606C3D42A90F67200D0ACD2 /* CICDExampleUITests */ = {
			isa = PBXNativeTarget;
			buildConfigurationList = 9606C3E52A90F67200D0ACD2 /* Build configuration list for PBXNativeTarget "CICDExampleUITests" */;
			buildPhases = (
				9606C3D12A90F67200D0ACD2 /* Sources */,
				9606C3D22A90F67200D0ACD2 /* Frameworks */,
				9606C3D32A90F67200D0ACD2 /* Resources */,
			);
			buildRules = (
			);
			dependencies = (
				9606C3D72A90F67200D0ACD2 /* PBXTargetDependency */,
			);
			name = CICDExampleUITests;
			productName = CICDExampleUITests;
			productReference = 9606C3D52A90F67200D0ACD2 /* CICDExampleUITests.xctest */;
			productType = "com.apple.product-type.bundle.ui-testing";
		};
/* End PBXNativeTarget section */

/* Begin PBXProject section */
		9606C3AD2A90F67100D0ACD2 /* Project object */ = {
			isa = PBXProject;
			attributes = {
				BuildIndependentTargetsInParallel = 1;
				LastSwiftUpdateCheck = 1430;
				LastUpgradeCheck = 1430;
				TargetAttributes = {
					9606C3B42A90F67100D0ACD2 = {
						CreatedOnToolsVersion = 14.3.1;
					};
					9606C3CA2A90F67200D0ACD2 = {
						CreatedOnToolsVersion = 14.3.1;
						TestTargetID = 9606C3B42A90F67100D0ACD2;
					};
					9606C3D42A90F67200D0ACD2 = {
						CreatedOnToolsVersion = 14.3.1;
						TestTargetID = 9606C3B42A90F67100D0ACD2;
					};
				};
			};
			buildConfigurationList = 9606C3B02A90F67100D0ACD2 /* Build configuration list for PBXProject "CICDExample" */;
			compatibilityVersion = "Xcode 14.0";
			developmentRegion = en;
			hasScannedForEncodings = 0;
			knownRegions = (
				en,
				Base,
			);
			mainGroup = 9606C3AC2A90F67100D0ACD2;
			productRefGroup = 9606C3B62A90F67100D0ACD2 /* Products */;
			projectDirPath = "";
			projectRoot = "";
			targets = (
				9606C3B42A90F67100D0ACD2 /* CICDExample */,
				9606C3CA2A90F67200D0ACD2 /* CICDExampleTests */,
				9606C3D42A90F67200D0ACD2 /* CICDExampleUITests */,
			);
		};
/* End PBXProject section */

/* Begin PBXResourcesBuildPhase section */
		9606C3B32A90F67100D0ACD2 /* Resources */ = {
			isa = PBXResourcesBuildPhase;
			buildActionMask = 2147483647;
			files = (
				9606C3C52A90F67200D0ACD2 /* LaunchScreen.storyboard in Resources */,
				9606C3C22A90F67200D0ACD2 /* Assets.xcassets in Resources */,
				9606C3C02A90F67100D0ACD2 /* Main.storyboard in Resources */,
			);
			runOnlyForDeploymentPostprocessing = 0;
		};
		9606C3C92A90F67200D0ACD2 /* Resources */ = {
			isa = PBXResourcesBuildPhase;
			buildActionMask = 2147483647;
			files = (
			);
			runOnlyForDeploymentPostprocessing = 0;
		};
		9606C3D32A90F67200D0ACD2 /* Resources */ = {
			isa = PBXResourcesBuildPhase;
			buildActionMask = 2147483647;
			files = (
			);
			runOnlyForDeploymentPostprocessing = 0;
		};
/* End PBXResourcesBuildPhase section */

/* Begin PBXSourcesBuildPhase section */
		9606C3B12A90F67100D0ACD2 /* Sources */ = {
			isa = PBXSourcesBuildPhase;
			buildActionMask = 2147483647;
			files = (
				9606C3BD2A90F67100D0ACD2 /* ViewController.swift in Sources */,
				9606C3B92A90F67100D0ACD2 /* AppDelegate.swift in Sources */,
				9606C3BB2A90F67100D0ACD2 /* SceneDelegate.swift in Sources */,
			);
			runOnlyForDeploymentPostprocessing = 0;
		};
		9606C3C72A90F67200D0ACD2 /* Sources */ = {
			isa = PBXSourcesBuildPhase;
			buildActionMask = 2147483647;
			files = (
				9606C3D02A90F67200D0ACD2 /* CICDExampleTests.swift in Sources */,
			);
			runOnlyForDeploymentPostprocessing = 0;
		};
		9606C3D12A90F67200D0ACD2 /* Sources */ = {
			isa = PBXSourcesBuildPhase;
			buildActionMask = 2147483647;
			files = (
				9606C3DC2A90F67200D0ACD2 /* CICDExampleUITestsLaunchTests.swift in Sources */,
				9606C3DA2A90F67200D0ACD2 /* CICDExampleUITests.swift in Sources */,
			);
			runOnlyForDeploymentPostprocessing = 0;
		};
/* End PBXSourcesBuildPhase section */

/* Begin PBXTargetDependency section */
		9606C3CD2A90F67200D0ACD2 /* PBXTargetDependency */ = {
			isa = PBXTargetDependency;
			target = 9606C3B42A90F67100D0ACD2 /* CICDExample */;
			targetProxy = 9606C3CC2A90F67200D0ACD2 /* PBXContainerItemProxy */;
		};
		9606C3D72A90F67200D0ACD2 /* PBXTargetDependency */ = {
			isa = PBXTargetDependency;
			target = 9606C3B42A90F67100D0ACD2 /* CICDExample */;
			targetProxy = 9606C3D62A90F67200D0ACD2 /* PBXContainerItemProxy */;
		};
/* End PBXTargetDependency section */

/* Begin PBXVariantGroup section */
		9606C3BE2A90F67100D0ACD2 /* Main.storyboard */ = {
			isa = PBXVariantGroup;
			children = (
				9606C3BF2A90F67100D0ACD2 /* Base */,
			);
			name = Main.storyboard;
			sourceTree = "<group>";
		};
		9606C3C32A90F67200D0ACD2 /* LaunchScreen.storyboard */ = {
			isa = PBXVariantGroup;
			children = (
				9606C3C42A90F67200D0ACD2 /* Base */,
			);
			name = LaunchScreen.storyboard;
			sourceTree = "<group>";
		};
/* End PBXVariantGroup section */

/* Begin XCBuildConfiguration section */
		9606C3DD2A90F67200D0ACD2 /* Debug */ = {
			isa = XCBuildConfiguration;
			buildSettings = {
				ALWAYS_SEARCH_USER_PATHS = NO;
				CLANG_ANALYZER_NONNULL = YES;
				CLANG_ANALYZER_NUMBER_OBJECT_CONVERSION = YES_AGGRESSIVE;
				CLANG_CXX_LANGUAGE_STANDARD = "gnu++20";
				CLANG_ENABLE_MODULES = YES;
				CLANG_ENABLE_OBJC_ARC = YES;
				CLANG_ENABLE_OBJC_WEAK = YES;
				CLANG_WARN_BLOCK_CAPTURE_AUTORELEASING = YES;
				CLANG_WARN_BOOL_CONVERSION = YES;
				CLANG_WARN_COMMA = YES;
				CLANG_WARN_CONSTANT_CONVERSION = YES;
				CLANG_WARN_DEPRECATED_OBJC_IMPLEMENTATIONS = YES;
				CLANG_WARN_DIRECT_OBJC_ISA_USAGE = YES_ERROR;
				CLANG_WARN_DOCUMENTATION_COMMENTS = YES;
				CLANG_WARN_EMPTY_BODY = YES;
				CLANG_WARN_ENUM_CONVERSION = YES;
				CLANG_WARN_INFINITE_RECURSION = YES;
				CLANG_WARN_INT_CONVERSION = YES;
				CLANG_WARN_NON_LITERAL_NULL_CONVERSION = YES;
				CLANG_WARN_OBJC_IMPLICIT_RETAIN_SELF = YES;
				CLANG_WARN_OBJC_LITERAL_CONVERSION = YES;
				CLANG_WARN_OBJC_ROOT_CLASS = YES_ERROR;
				CLANG_WARN_QUOTED_INCLUDE_IN_FRAMEWORK_HEADER = YES;
				CLANG_WARN_RANGE_LOOP_ANALYSIS = YES;
				CLANG_WARN_STRICT_PROTOTYPES = YES;
				CLANG_WARN_SUSPICIOUS_MOVE = YES;
				CLANG_WARN_UNGUARDED_AVAILABILITY = YES_AGGRESSIVE;
				CLANG_WARN_UNREACHABLE_CODE = YES;
				CLANG_WARN__DUPLICATE_METHOD_MATCH = YES;
				COPY_PHASE_STRIP = NO;
				DEBUG_INFORMATION_FORMAT = dwarf;
				ENABLE_STRICT_OBJC_MSGSEND = YES;
				ENABLE_TESTABILITY = YES;
				GCC_C_LANGUAGE_STANDARD = gnu11;
				GCC_DYNAMIC_NO_PIC = NO;
				GCC_NO_COMMON_BLOCKS = YES;
				GCC_OPTIMIZATION_LEVEL = 0;
				GCC_PREPROCESSOR_DEFINITIONS = (
					"DEBUG=1",
					"$(inherited)",
				);
				GCC_WARN_64_TO_32_BIT_CONVERSION = YES;
				GCC_WARN_ABOUT_RETURN_TYPE = YES_ERROR;
				GCC_WARN_UNDECLARED_SELECTOR = YES;
				GCC_WARN_UNINITIALIZED_AUTOS = YES_AGGRESSIVE;
				GCC_WARN_UNUSED_FUNCTION = YES;
				GCC_WARN_UNUSED_VARIABLE = YES;
				IPHONEOS_DEPLOYMENT_TARGET = 16.4;
				MTL_ENABLE_DEBUG_INFO = INCLUDE_SOURCE;
				MTL_FAST_MATH = YES;
				ONLY_ACTIVE_ARCH = YES;
				SDKROOT = iphoneos;
				SWIFT_ACTIVE_COMPILATION_CONDITIONS = DEBUG;
				SWIFT_OPTIMIZATION_LEVEL = "-Onone";
			};
			name = Debug;
		};
		9606C3DE2A90F67200D0ACD2 /* Release */ = {
			isa = XCBuildConfiguration;
			buildSettings = {
				ALWAYS_SEARCH_USER_PATHS = NO;
				CLANG_ANALYZER_NONNULL = YES;
				CLANG_ANALYZER_NUMBER_OBJECT_CONVERSION = YES_AGGRESSIVE;
				CLANG_CXX_LANGUAGE_STANDARD = "gnu++20";
				CLANG_ENABLE_MODULES = YES;
				CLANG_ENABLE_OBJC_ARC = YES;
				CLANG_ENABLE_OBJC_WEAK = YES;
				CLANG_WARN_BLOCK_CAPTURE_AUTORELEASING = YES;
				CLANG_WARN_BOOL_CONVERSION = YES;
				CLANG_WARN_COMMA = YES;
				CLANG_WARN_CONSTANT_CONVERSION = YES;
				CLANG_WARN_DEPRECATED_OBJC_IMPLEMENTATIONS = YES;
				CLANG_WARN_DIRECT_OBJC_ISA_USAGE = YES_ERROR;
				CLANG_WARN_DOCUMENTATION_COMMENTS = YES;
				CLANG_WARN_EMPTY_BODY = YES;
				CLANG_WARN_ENUM_CONVERSION = YES;
				CLANG_WARN_INFINITE_RECURSION = YES;
				CLANG_WARN_INT_CONVERSION = YES;
				CLANG_WARN_NON_LITERAL_NULL_CONVERSION = YES;
				CLANG_WARN_OBJC_IMPLICIT_RETAIN_SELF = YES;
				CLANG_WARN_OBJC_LITERAL_CONVERSION = YES;
				CLANG_WARN_OBJC_ROOT_CLASS = YES_ERROR;
				CLANG_WARN_QUOTED_INCLUDE_IN_FRAMEWORK_HEADER = YES;
				CLANG_WARN_RANGE_LOOP_ANALYSIS = YES;
				CLANG_WARN_STRICT_PROTOTYPES = YES;
				CLANG_WARN_SUSPICIOUS_MOVE = YES;
				CLANG_WARN_UNGUARDED_AVAILABILITY = YES_AGGRESSIVE;
				CLANG_WARN_UNREACHABLE_CODE = YES;
				CLANG_WARN__DUPLICATE_METHOD_MATCH = YES;
				COPY_PHASE_STRIP = NO;
				DEBUG_INFORMATION_FORMAT = "dwarf-with-dsym";
				ENABLE_NS_ASSERTIONS = NO;
				ENABLE_STRICT_OBJC_MSGSEND = YES;
				GCC_C_LANGUAGE_STANDARD = gnu11;
				GCC_NO_COMMON_BLOCKS = YES;
				GCC_WARN_64_TO_32_BIT_CONVERSION = YES;
				GCC_WARN_ABOUT_RETURN_TYPE = YES_ERROR;
				GCC_WARN_UNDECLARED_SELECTOR = YES;
				GCC_WARN_UNINITIALIZED_AUTOS = YES_AGGRESSIVE;
				GCC_WARN_UNUSED_FUNCTION = YES;
				GCC_WARN_UNUSED_VARIABLE = YES;
				IPHONEOS_DEPLOYMENT_TARGET = 16.4;
				MTL_ENABLE_DEBUG_INFO = NO;
				MTL_FAST_MATH = YES;
				SDKROOT = iphoneos;
				SWIFT_COMPILATION_MODE = wholemodule;
				SWIFT_OPTIMIZATION_LEVEL = "-O";
				VALIDATE_PRODUCT = YES;
			};
			name = Release;
		};
		9606C3E02A90F67200D0ACD2 /* Debug */ = {
			isa = XCBuildConfiguration;
			buildSettings = {
				ASSETCATALOG_COMPILER_APPICON_NAME = AppIcon;
				ASSETCATALOG_COMPILER_GLOBAL_ACCENT_COLOR_NAME = AccentColor;
				CODE_SIGN_STYLE = Automatic;
				CURRENT_PROJECT_VERSION = 1;
				GENERATE_INFOPLIST_FILE = YES;
				INFOPLIST_FILE = CICDExample/Info.plist;
				INFOPLIST_KEY_UIApplicationSupportsIndirectInputEvents = YES;
				INFOPLIST_KEY_UILaunchStoryboardName = LaunchScreen;
				INFOPLIST_KEY_UIMainStoryboardFile = Main;
				INFOPLIST_KEY_UISupportedInterfaceOrientations_iPad = "UIInterfaceOrientationPortrait UIInterfaceOrientationPortraitUpsideDown UIInterfaceOrientationLandscapeLeft UIInterfaceOrientationLandscapeRight";
				INFOPLIST_KEY_UISupportedInterfaceOrientations_iPhone = "UIInterfaceOrientationPortrait UIInterfaceOrientationLandscapeLeft UIInterfaceOrientationLandscapeRight";
				LD_RUNPATH_SEARCH_PATHS = (
					"$(inherited)",
					"@executable_path/Frameworks",
				);
				MARKETING_VERSION = 1.0;
				PRODUCT_BUNDLE_IDENTIFIER = com.CalcultaorApp.CICDExample;
				PRODUCT_NAME = "$(TARGET_NAME)";
				SWIFT_EMIT_LOC_STRINGS = YES;
				SWIFT_VERSION = 5.0;
				TARGETED_DEVICE_FAMILY = "1,2";
			};
			name = Debug;
		};
		9606C3E12A90F67200D0ACD2 /* Release */ = {
			isa = XCBuildConfiguration;
			buildSettings = {
				ASSETCATALOG_COMPILER_APPICON_NAME = AppIcon;
				ASSETCATALOG_COMPILER_GLOBAL_ACCENT_COLOR_NAME = AccentColor;
				CODE_SIGN_STYLE = Automatic;
				CURRENT_PROJECT_VERSION = 1;
				GENERATE_INFOPLIST_FILE = YES;
				INFOPLIST_FILE = CICDExample/Info.plist;
				INFOPLIST_KEY_UIApplicationSupportsIndirectInputEvents = YES;
				INFOPLIST_KEY_UILaunchStoryboardName = LaunchScreen;
				INFOPLIST_KEY_UIMainStoryboardFile = Main;
				INFOPLIST_KEY_UISupportedInterfaceOrientations_iPad = "UIInterfaceOrientationPortrait UIInterfaceOrientationPortraitUpsideDown UIInterfaceOrientationLandscapeLeft UIInterfaceOrientationLandscapeRight";
				INFOPLIST_KEY_UISupportedInterfaceOrientations_iPhone = "UIInterfaceOrientationPortrait UIInterfaceOrientationLandscapeLeft UIInterfaceOrientationLandscapeRight";
				LD_RUNPATH_SEARCH_PATHS = (
					"$(inherited)",
					"@executable_path/Frameworks",
				);
				MARKETING_VERSION = 1.0;
				PRODUCT_BUNDLE_IDENTIFIER = com.CalcultaorApp.CICDExample;
				PRODUCT_NAME = "$(TARGET_NAME)";
				SWIFT_EMIT_LOC_STRINGS = YES;
				SWIFT_VERSION = 5.0;
				TARGETED_DEVICE_FAMILY = "1,2";
			};
			name = Release;
		};
		9606C3E32A90F67200D0ACD2 /* Debug */ = {
			isa = XCBuildConfiguration;
			buildSettings = {
				ALWAYS_EMBED_SWIFT_STANDARD_LIBRARIES = YES;
				BUNDLE_LOADER = "$(TEST_HOST)";
				CODE_SIGN_STYLE = Automatic;
				CURRENT_PROJECT_VERSION = 1;
				GENERATE_INFOPLIST_FILE = YES;
				IPHONEOS_DEPLOYMENT_TARGET = 16.4;
				MARKETING_VERSION = 1.0;
				PRODUCT_BUNDLE_IDENTIFIER = com.CalcultaorApp.CICDExampleTests;
				PRODUCT_NAME = "$(TARGET_NAME)";
				SWIFT_EMIT_LOC_STRINGS = NO;
				SWIFT_VERSION = 5.0;
				TARGETED_DEVICE_FAMILY = "1,2";
				TEST_HOST = "$(BUILT_PRODUCTS_DIR)/CICDExample.app/$(BUNDLE_EXECUTABLE_FOLDER_PATH)/CICDExample";
			};
			name = Debug;
		};
		9606C3E42A90F67200D0ACD2 /* Release */ = {
			isa = XCBuildConfiguration;
			buildSettings = {
				ALWAYS_EMBED_SWIFT_STANDARD_LIBRARIES = YES;
				BUNDLE_LOADER = "$(TEST_HOST)";
				CODE_SIGN_STYLE = Automatic;
				CURRENT_PROJECT_VERSION = 1;
				GENERATE_INFOPLIST_FILE = YES;
				IPHONEOS_DEPLOYMENT_TARGET = 16.4;
				MARKETING_VERSION = 1.0;
				PRODUCT_BUNDLE_IDENTIFIER = com.CalcultaorApp.CICDExampleTests;
				PRODUCT_NAME = "$(TARGET_NAME)";
				SWIFT_EMIT_LOC_STRINGS = NO;
				SWIFT_VERSION = 5.0;
				TARGETED_DEVICE_FAMILY = "1,2";
				TEST_HOST = "$(BUILT_PRODUCTS_DIR)/CICDExample.app/$(BUNDLE_EXECUTABLE_FOLDER_PATH)/CICDExample";
			};
			name = Release;
		};
		9606C3E62A90F67200D0ACD2 /* Debug */ = {
			isa = XCBuildConfiguration;
			buildSettings = {
				ALWAYS_EMBED_SWIFT_STANDARD_LIBRARIES = YES;
				CODE_SIGN_STYLE = Automatic;
				CURRENT_PROJECT_VERSION = 1;
				GENERATE_INFOPLIST_FILE = YES;
				MARKETING_VERSION = 1.0;
				PRODUCT_BUNDLE_IDENTIFIER = com.CalcultaorApp.CICDExampleUITests;
				PRODUCT_NAME = "$(TARGET_NAME)";
				SWIFT_EMIT_LOC_STRINGS = NO;
				SWIFT_VERSION = 5.0;
				TARGETED_DEVICE_FAMILY = "1,2";
				TEST_TARGET_NAME = CICDExample;
			};
			name = Debug;
		};
		9606C3E72A90F67200D0ACD2 /* Release */ = {
			isa = XCBuildConfiguration;
			buildSettings = {
				ALWAYS_EMBED_SWIFT_STANDARD_LIBRARIES = YES;
				CODE_SIGN_STYLE = Automatic;
				CURRENT_PROJECT_VERSION = 1;
				GENERATE_INFOPLIST_FILE = YES;
				MARKETING_VERSION = 1.0;
				PRODUCT_BUNDLE_IDENTIFIER = com.CalcultaorApp.CICDExampleUITests;
				PRODUCT_NAME = "$(TARGET_NAME)";
				SWIFT_EMIT_LOC_STRINGS = NO;
				SWIFT_VERSION = 5.0;
				TARGETED_DEVICE_FAMILY = "1,2";
				TEST_TARGET_NAME = CICDExample;
			};
			name = Release;
		};
/* End XCBuildConfiguration section */

/* Begin XCConfigurationList section */
		9606C3B02A90F67100D0ACD2 /* Build configuration list for PBXProject "CICDExample" */ = {
			isa = XCConfigurationList;
			buildConfigurations = (
				9606C3DD2A90F67200D0ACD2 /* Debug */,
				9606C3DE2A90F67200D0ACD2 /* Release */,
			);
			defaultConfigurationIsVisible = 0;
			defaultConfigurationName = Release;
		};
		9606C3DF2A90F67200D0ACD2 /* Build configuration list for PBXNativeTarget "CICDExample" */ = {
			isa = XCConfigurationList;
			buildConfigurations = (
				9606C3E02A90F67200D0ACD2 /* Debug */,
				9606C3E12A90F67200D0ACD2 /* Release */,
			);
			defaultConfigurationIsVisible = 0;
			defaultConfigurationName = Release;
		};
		9606C3E22A90F67200D0ACD2 /* Build configuration list for PBXNativeTarget "CICDExampleTests" */ = {
			isa = XCConfigurationList;
			buildConfigurations = (
				9606C3E32A90F67200D0ACD2 /* Debug */,
				9606C3E42A90F67200D0ACD2 /* Release */,
			);
			defaultConfigurationIsVisible = 0;
			defaultConfigurationName = Release;
		};
		9606C3E52A90F67200D0ACD2 /* Build configuration list for PBXNativeTarget "CICDExampleUITests" */ = {
			isa = XCConfigurationList;
			buildConfigurations = (
				9606C3E62A90F67200D0ACD2 /* Debug */,
				9606C3E72A90F67200D0ACD2 /* Release */,
			);
			defaultConfigurationIsVisible = 0;
			defaultConfigurationName = Release;
		};
/* End XCConfigurationList section */
	};
	rootObject = 9606C3AD2A90F67100D0ACD2 /* Project object */;
}
